
Microsoft Visual Studio Solution File, Format Version 12.00
# Visual Studio Version 16
VisualStudioVersion = 16.0.29509.3
MinimumVisualStudioVersion = 10.0.40219.1
Project("{FAE04EC0-301F-11D3-BF4B-00C04F79EFBC}") = "ConsumWebSocketMVVM", "ConsumWebSocketMVVM\ConsumWebSocketMVVM.csproj", "{4BE83B90-C1E5-41DD-804E-968DE6B3EF7C}"
EndProject
Global
	GlobalSection(SolutionConfigurationPlatforms) = preSolution
		Debug|Any CPU = Debug|Any CPU
		Release|Any CPU = Release|Any CPU
	EndGlobalSection
	GlobalSection(ProjectConfigurationPlatforms) = postSolution
		{4BE83B90-C1E5-41DD-804E-968DE6B3EF7C}.Debug|Any CPU.ActiveCfg = Debug|Any CPU
		{4BE83B90-C1E5-41DD-804E-968DE6B3EF7C}.Debug|Any CPU.Build.0 = Debug|Any CPU
		{4BE83B90-C1E5-41DD-804E-968DE6B3EF7C}.Release|Any CPU.ActiveCfg = Release|Any CPU
		{4BE83B90-C1E5-41DD-804E-968DE6B3EF7C}.Release|Any CPU.Build.0 = Release|Any CPU
	EndGlobalSection
	GlobalSection(SolutionProperties) = preSolution
		HideSolutionNode = FALSE
	EndGlobalSection
	GlobalSection(ExtensibilityGlobals) = postSolution
		SolutionGuid = {E8B1078C-8B2D-4911-967F-715052F16D88}
	EndGlobalSection
EndGlobal
